
Microsoft Visual Studio Solution File, Format Version 11.00
# Visual Studio 2010
Project("{FAE04EC0-301F-11D3-BF4B-00C04F79EFBC}") = "KerbalAPI", "KerbalAPI.csproj", "{102B5063-077A-4C82-82B3-99855E82F931}"
EndProject
Global
	GlobalSection(SolutionConfigurationPlatforms) = preSolution
		Debug|Any CPU = Debug|Any CPU
		Release|Any CPU = Release|Any CPU
	EndGlobalSection
	GlobalSection(ProjectConfigurationPlatforms) = postSolution
		{102B5063-077A-4C82-82B3-99855E82F931}.Debug|Any CPU.ActiveCfg = Debug|Any CPU
		{102B5063-077A-4C82-82B3-99855E82F931}.Debug|Any CPU.Build.0 = Debug|Any CPU
		{102B5063-077A-4C82-82B3-99855E82F931}.Release|Any CPU.ActiveCfg = Release|Any CPU
		{102B5063-077A-4C82-82B3-99855E82F931}.Release|Any CPU.Build.0 = Release|Any CPU
	EndGlobalSection
	GlobalSection(SolutionProperties) = preSolution
		HideSolutionNode = FALSE
	EndGlobalSection
EndGlobal
